
Microsoft Visual Studio Solution File, Format Version 12.00
# Visual Studio Version 17
VisualStudioVersion = 17.14.36623.8
MinimumVisualStudioVersion = 10.0.40219.1
Project("{2150E333-8FDC-42A3-9474-1A3956D46DE8}") = "src", "src", "{02EA681E-C7D8-13C7-8484-4AC65E1B71E8}"
EndProject
Project("{FAE04EC0-301F-11D3-BF4B-00C04F79EFBC}") = "RentCarServer.Application", "src\RentCarServer.Application\RentCarServer.Application.csproj", "{991F6F3D-1251-57A7-A730-800927010029}"
EndProject
Project("{FAE04EC0-301F-11D3-BF4B-00C04F79EFBC}") = "RentCarServer.Infrastructure", "src\RentCarServer.Infrastructure\RentCarServer.Infrastructure.csproj", "{42FC7892-C82E-4435-8CC2-D7D4575FC1DF}"
EndProject
Project("{FAE04EC0-301F-11D3-BF4B-00C04F79EFBC}") = "RentCarServer.WepAPI", "src\RentCarServer.WepAPI\RentCarServer.WepAPI.csproj", "{983D5D50-6D9C-4728-A027-22C1234466BC}"
EndProject
Project("{FAE04EC0-301F-11D3-BF4B-00C04F79EFBC}") = "RentCarServer.Domain", "src\RentCarServer.Domain\RentCarServer.Domain.csproj", "{C5062C39-2C3A-8588-3547-8F1408732EF4}"
EndProject
Global
	GlobalSection(SolutionConfigurationPlatforms) = preSolution
		Debug|Any CPU = Debug|Any CPU
		Release|Any CPU = Release|Any CPU
	EndGlobalSection
	GlobalSection(ProjectConfigurationPlatforms) = postSolution
		{991F6F3D-1251-57A7-A730-800927010029}.Debug|Any CPU.ActiveCfg = Debug|Any CPU
		{991F6F3D-1251-57A7-A730-800927010029}.Debug|Any CPU.Build.0 = Debug|Any CPU
		{991F6F3D-1251-57A7-A730-800927010029}.Release|Any CPU.ActiveCfg = Release|Any CPU
		{991F6F3D-1251-57A7-A730-800927010029}.Release|Any CPU.Build.0 = Release|Any CPU
		{42FC7892-C82E-4435-8CC2-D7D4575FC1DF}.Debug|Any CPU.ActiveCfg = Debug|Any CPU
		{42FC7892-C82E-4435-8CC2-D7D4575FC1DF}.Debug|Any CPU.Build.0 = Debug|Any CPU
		{42FC7892-C82E-4435-8CC2-D7D4575FC1DF}.Release|Any CPU.ActiveCfg = Release|Any CPU
		{42FC7892-C82E-4435-8CC2-D7D4575FC1DF}.Release|Any CPU.Build.0 = Release|Any CPU
		{983D5D50-6D9C-4728-A027-22C1234466BC}.Debug|Any CPU.ActiveCfg = Debug|Any CPU
		{983D5D50-6D9C-4728-A027-22C1234466BC}.Debug|Any CPU.Build.0 = Debug|Any CPU
		{983D5D50-6D9C-4728-A027-22C1234466BC}.Release|Any CPU.ActiveCfg = Release|Any CPU
		{983D5D50-6D9C-4728-A027-22C1234466BC}.Release|Any CPU.Build.0 = Release|Any CPU
		{C5062C39-2C3A-8588-3547-8F1408732EF4}.Debug|Any CPU.ActiveCfg = Debug|Any CPU
		{C5062C39-2C3A-8588-3547-8F1408732EF4}.Debug|Any CPU.Build.0 = Debug|Any CPU
		{C5062C39-2C3A-8588-3547-8F1408732EF4}.Release|Any CPU.ActiveCfg = Release|Any CPU
		{C5062C39-2C3A-8588-3547-8F1408732EF4}.Release|Any CPU.Build.0 = Release|Any CPU
	EndGlobalSection
	GlobalSection(SolutionProperties) = preSolution
		HideSolutionNode = FALSE
	EndGlobalSection
	GlobalSection(NestedProjects) = preSolution
		{991F6F3D-1251-57A7-A730-800927010029} = {02EA681E-C7D8-13C7-8484-4AC65E1B71E8}
		{42FC7892-C82E-4435-8CC2-D7D4575FC1DF} = {02EA681E-C7D8-13C7-8484-4AC65E1B71E8}
		{983D5D50-6D9C-4728-A027-22C1234466BC} = {02EA681E-C7D8-13C7-8484-4AC65E1B71E8}
		{C5062C39-2C3A-8588-3547-8F1408732EF4} = {02EA681E-C7D8-13C7-8484-4AC65E1B71E8}
	EndGlobalSection
	GlobalSection(ExtensibilityGlobals) = postSolution
		SolutionGuid = {226D741F-4A3F-4E47-9BD1-5E4BECDC007A}
	EndGlobalSection
EndGlobal
